
Microsoft Visual Studio Solution File, Format Version 12.00
# Visual Studio Version 16
VisualStudioVersion = 16.0.30114.105
MinimumVisualStudioVersion = 10.0.40219.1
Project("{FAE04EC0-301F-11D3-BF4B-00C04F79EFBC}") = "ExceptionHandling", "ExceptionHandling\ExceptionHandling.csproj", "{1DF62546-0FBC-426C-808B-65B65A2CE4A9}"
EndProject
Project("{FAE04EC0-301F-11D3-BF4B-00C04F79EFBC}") = "Multithreading", "Multithreading\Multithreading.csproj", "{1AA4B72A-3AE6-44CF-84AE-F26D6948DC50}"
EndProject
Project("{FAE04EC0-301F-11D3-BF4B-00C04F79EFBC}") = "ParallelProgramming", "ParallelProgramming\ParallelProgramming.csproj", "{6387C0C8-AFDD-4A32-8A38-5F0A4AFF9395}"
EndProject
Project("{FAE04EC0-301F-11D3-BF4B-00C04F79EFBC}") = "TaskBasedAsync", "TaskBasedAsync\TaskBasedAsync.csproj", "{E801AAC2-0076-4921-99A4-17B77695962A}"
EndProject
Project("{FAE04EC0-301F-11D3-BF4B-00C04F79EFBC}") = "Polymorphism", "OOP\Polymorphism\Polymorphism.csproj", "{635B7F88-3C37-4514-BC40-5E1E1D90445C}"
EndProject
Project("{FAE04EC0-301F-11D3-BF4B-00C04F79EFBC}") = "InheritanceApp", "OOP\InheritanceApp\InheritanceApp.csproj", "{0EA6B4E5-B878-450A-915A-1EA3727FF92B}"
EndProject
Project("{FAE04EC0-301F-11D3-BF4B-00C04F79EFBC}") = "ReflectionBasic", "ReflectionBasic\ReflectionBasic.csproj", "{D5D980D4-F9FD-46F3-B68B-14B83257420B}"
EndProject
Global
	GlobalSection(SolutionConfigurationPlatforms) = preSolution
		Debug|Any CPU = Debug|Any CPU
		Release|Any CPU = Release|Any CPU
	EndGlobalSection
	GlobalSection(SolutionProperties) = preSolution
		HideSolutionNode = FALSE
	EndGlobalSection
	GlobalSection(ProjectConfigurationPlatforms) = postSolution
		{1DF62546-0FBC-426C-808B-65B65A2CE4A9}.Debug|Any CPU.ActiveCfg = Debug|Any CPU
		{1DF62546-0FBC-426C-808B-65B65A2CE4A9}.Debug|Any CPU.Build.0 = Debug|Any CPU
		{1DF62546-0FBC-426C-808B-65B65A2CE4A9}.Release|Any CPU.ActiveCfg = Release|Any CPU
		{1DF62546-0FBC-426C-808B-65B65A2CE4A9}.Release|Any CPU.Build.0 = Release|Any CPU
		{1AA4B72A-3AE6-44CF-84AE-F26D6948DC50}.Debug|Any CPU.ActiveCfg = Debug|Any CPU
		{1AA4B72A-3AE6-44CF-84AE-F26D6948DC50}.Debug|Any CPU.Build.0 = Debug|Any CPU
		{1AA4B72A-3AE6-44CF-84AE-F26D6948DC50}.Release|Any CPU.ActiveCfg = Release|Any CPU
		{1AA4B72A-3AE6-44CF-84AE-F26D6948DC50}.Release|Any CPU.Build.0 = Release|Any CPU
		{6387C0C8-AFDD-4A32-8A38-5F0A4AFF9395}.Debug|Any CPU.ActiveCfg = Debug|Any CPU
		{6387C0C8-AFDD-4A32-8A38-5F0A4AFF9395}.Debug|Any CPU.Build.0 = Debug|Any CPU
		{6387C0C8-AFDD-4A32-8A38-5F0A4AFF9395}.Release|Any CPU.ActiveCfg = Release|Any CPU
		{6387C0C8-AFDD-4A32-8A38-5F0A4AFF9395}.Release|Any CPU.Build.0 = Release|Any CPU
		{E801AAC2-0076-4921-99A4-17B77695962A}.Debug|Any CPU.ActiveCfg = Debug|Any CPU
		{E801AAC2-0076-4921-99A4-17B77695962A}.Debug|Any CPU.Build.0 = Debug|Any CPU
		{E801AAC2-0076-4921-99A4-17B77695962A}.Release|Any CPU.ActiveCfg = Release|Any CPU
		{E801AAC2-0076-4921-99A4-17B77695962A}.Release|Any CPU.Build.0 = Release|Any CPU
		{635B7F88-3C37-4514-BC40-5E1E1D90445C}.Debug|Any CPU.ActiveCfg = Debug|Any CPU
		{635B7F88-3C37-4514-BC40-5E1E1D90445C}.Debug|Any CPU.Build.0 = Debug|Any CPU
		{635B7F88-3C37-4514-BC40-5E1E1D90445C}.Release|Any CPU.ActiveCfg = Release|Any CPU
		{635B7F88-3C37-4514-BC40-5E1E1D90445C}.Release|Any CPU.Build.0 = Release|Any CPU
		{69963511-FAE5-46D7-B1B6-72473EF8376B}.Debug|Any CPU.ActiveCfg = Debug|Any CPU
		{69963511-FAE5-46D7-B1B6-72473EF8376B}.Debug|Any CPU.Build.0 = Debug|Any CPU
		{69963511-FAE5-46D7-B1B6-72473EF8376B}.Release|Any CPU.ActiveCfg = Release|Any CPU
		{69963511-FAE5-46D7-B1B6-72473EF8376B}.Release|Any CPU.Build.0 = Release|Any CPU
		{0EA6B4E5-B878-450A-915A-1EA3727FF92B}.Debug|Any CPU.ActiveCfg = Debug|Any CPU
		{0EA6B4E5-B878-450A-915A-1EA3727FF92B}.Debug|Any CPU.Build.0 = Debug|Any CPU
		{0EA6B4E5-B878-450A-915A-1EA3727FF92B}.Release|Any CPU.ActiveCfg = Release|Any CPU
		{0EA6B4E5-B878-450A-915A-1EA3727FF92B}.Release|Any CPU.Build.0 = Release|Any CPU
		{D5D980D4-F9FD-46F3-B68B-14B83257420B}.Debug|Any CPU.ActiveCfg = Debug|Any CPU
		{D5D980D4-F9FD-46F3-B68B-14B83257420B}.Debug|Any CPU.Build.0 = Debug|Any CPU
		{D5D980D4-F9FD-46F3-B68B-14B83257420B}.Release|Any CPU.ActiveCfg = Release|Any CPU
		{D5D980D4-F9FD-46F3-B68B-14B83257420B}.Release|Any CPU.Build.0 = Release|Any CPU
	EndGlobalSection
EndGlobal
